
Microsoft Visual Studio Solution File, Format Version 12.00
# Visual Studio Version 17
VisualStudioVersion = 17.0.31903.59
MinimumVisualStudioVersion = 10.0.40219.1
Project("{FAE04EC0-301F-11D3-BF4B-00C04F79EFBC}") = "SpeedType", "SpeedType\SpeedType.csproj", "{312A2334-103F-47C6-BEF7-2F06E7015966}"
EndProject
Global
	GlobalSection(SolutionConfigurationPlatforms) = preSolution
		Debug|Any CPU = Debug|Any CPU
		Release|Any CPU = Release|Any CPU
	EndGlobalSection
	GlobalSection(SolutionProperties) = preSolution
		HideSolutionNode = FALSE
	EndGlobalSection
	GlobalSection(ProjectConfigurationPlatforms) = postSolution
		{312A2334-103F-47C6-BEF7-2F06E7015966}.Debug|Any CPU.ActiveCfg = Debug|Any CPU
		{312A2334-103F-47C6-BEF7-2F06E7015966}.Debug|Any CPU.Build.0 = Debug|Any CPU
		{312A2334-103F-47C6-BEF7-2F06E7015966}.Release|Any CPU.ActiveCfg = Release|Any CPU
		{312A2334-103F-47C6-BEF7-2F06E7015966}.Release|Any CPU.Build.0 = Release|Any CPU
	EndGlobalSection
EndGlobal
